// !$*UTF8*$!
{
	archiveVersion = 1;
	classes = {
	};
	objectVersion = 52;
	objects = {

/* Begin PBXBuildFile section */
		01A9D85855C88C8C186CA445 /* Pods_PixleeSDK.framework in Frameworks */ = {isa = PBXBuildFile; fileRef = E7793807AAE6092E355B0E27 /* Pods_PixleeSDK.framework */; };
		0AF7D6E9828059D2C485A26C /* Pods_PixleeSDK_PixleeSDKTests.framework in Frameworks */ = {isa = PBXBuildFile; fileRef = D338E2AF05251270024C93B7 /* Pods_PixleeSDK_PixleeSDKTests.framework */; };
		F24D42E623C656680091E324 /* PixleeSDK.framework in Frameworks */ = {isa = PBXBuildFile; fileRef = F2B07F7023C4739600F5C99F /* PixleeSDK.framework */; platformFilter = ios; };
		F2B07F7A23C4739600F5C99F /* PixleeSDK.framework in Frameworks */ = {isa = PBXBuildFile; fileRef = F2B07F7023C4739600F5C99F /* PixleeSDK.framework */; };
		F2B07F7F23C4739600F5C99F /* pixlee_sdkTests.swift in Sources */ = {isa = PBXBuildFile; fileRef = F2B07F7E23C4739600F5C99F /* pixlee_sdkTests.swift */; };
		F2B07F8C23C4741F00F5C99F /* PXLAlbum.swift in Sources */ = {isa = PBXBuildFile; fileRef = F2B07F8B23C4741F00F5C99F /* PXLAlbum.swift */; };
		F2B07F8E23C47E4600F5C99F /* PXLAlbumFilterOptions.swift in Sources */ = {isa = PBXBuildFile; fileRef = F2B07F8D23C47E4600F5C99F /* PXLAlbumFilterOptions.swift */; };
		F2B07F9023C47E8300F5C99F /* PXLAlbumSortOptions.swift in Sources */ = {isa = PBXBuildFile; fileRef = F2B07F8F23C47E8300F5C99F /* PXLAlbumSortOptions.swift */; };
		F2B07F9223C47E9D00F5C99F /* PXLPhoto.swift in Sources */ = {isa = PBXBuildFile; fileRef = F2B07F9123C47E9D00F5C99F /* PXLPhoto.swift */; };
		F2B07F9423C480F600F5C99F /* PXLProduct.swift in Sources */ = {isa = PBXBuildFile; fileRef = F2B07F9323C480F600F5C99F /* PXLProduct.swift */; };
		F2B07F9723C482D100F5C99F /* ImageAssets.xcassets in Resources */ = {isa = PBXBuildFile; fileRef = F2B07F9623C482D100F5C99F /* ImageAssets.xcassets */; };
		F2B07F9923C4870000F5C99F /* PXLClient.swift in Sources */ = {isa = PBXBuildFile; fileRef = F2B07F9823C4870000F5C99F /* PXLClient.swift */; };
		F2B07F9B23C48B7400F5C99F /* PXLApiRequests.swift in Sources */ = {isa = PBXBuildFile; fileRef = F2B07F9A23C48B7400F5C99F /* PXLApiRequests.swift */; };
		F2FCD1F423C51FC00054E889 /* SwiftCrypto.swift in Sources */ = {isa = PBXBuildFile; fileRef = F2FCD1F323C51FC00054E889 /* SwiftCrypto.swift */; };
/* End PBXBuildFile section */

/* Begin PBXContainerItemProxy section */
		F2B07F7B23C4739600F5C99F /* PBXContainerItemProxy */ = {
			isa = PBXContainerItemProxy;
			containerPortal = F2B07F6723C4739600F5C99F /* Project object */;
			proxyType = 1;
			remoteGlobalIDString = F2B07F6F23C4739600F5C99F;
			remoteInfo = pixlee_sdk;
		};
/* End PBXContainerItemProxy section */

/* Begin PBXFileReference section */
		14C83D45DB6D033470F74297 /* Pods-pixlee_sdk-pixlee_sdkTests.release.xcconfig */ = {isa = PBXFileReference; includeInIndex = 1; lastKnownFileType = text.xcconfig; name = "Pods-pixlee_sdk-pixlee_sdkTests.release.xcconfig"; path = "Target Support Files/Pods-pixlee_sdk-pixlee_sdkTests/Pods-pixlee_sdk-pixlee_sdkTests.release.xcconfig"; sourceTree = "<group>"; };
		2A90DD0AAB13434586542B12 /* Pods-pixlee_sdk-pixlee_sdkTests.debug.xcconfig */ = {isa = PBXFileReference; includeInIndex = 1; lastKnownFileType = text.xcconfig; name = "Pods-pixlee_sdk-pixlee_sdkTests.debug.xcconfig"; path = "Target Support Files/Pods-pixlee_sdk-pixlee_sdkTests/Pods-pixlee_sdk-pixlee_sdkTests.debug.xcconfig"; sourceTree = "<group>"; };
		72DA2BA00E1CB1F9CB1507FF /* Pods-PixleeSDK.release.xcconfig */ = {isa = PBXFileReference; includeInIndex = 1; lastKnownFileType = text.xcconfig; name = "Pods-PixleeSDK.release.xcconfig"; path = "Target Support Files/Pods-PixleeSDK/Pods-PixleeSDK.release.xcconfig"; sourceTree = "<group>"; };
		84A190B7566C4C761887B639 /* Pods-pixlee_sdk.release.xcconfig */ = {isa = PBXFileReference; includeInIndex = 1; lastKnownFileType = text.xcconfig; name = "Pods-pixlee_sdk.release.xcconfig"; path = "Target Support Files/Pods-pixlee_sdk/Pods-pixlee_sdk.release.xcconfig"; sourceTree = "<group>"; };
		8FE85D9ACAAA8373D2FB1F44 /* Pods-pixlee_sdk.debug.xcconfig */ = {isa = PBXFileReference; includeInIndex = 1; lastKnownFileType = text.xcconfig; name = "Pods-pixlee_sdk.debug.xcconfig"; path = "Target Support Files/Pods-pixlee_sdk/Pods-pixlee_sdk.debug.xcconfig"; sourceTree = "<group>"; };
		B7F618CC09271AEDF47CF315 /* Pods-PixleeSDK-PixleeSDKTests.debug.xcconfig */ = {isa = PBXFileReference; includeInIndex = 1; lastKnownFileType = text.xcconfig; name = "Pods-PixleeSDK-PixleeSDKTests.debug.xcconfig"; path = "Target Support Files/Pods-PixleeSDK-PixleeSDKTests/Pods-PixleeSDK-PixleeSDKTests.debug.xcconfig"; sourceTree = "<group>"; };
		D338E2AF05251270024C93B7 /* Pods_PixleeSDK_PixleeSDKTests.framework */ = {isa = PBXFileReference; explicitFileType = wrapper.framework; includeInIndex = 0; path = Pods_PixleeSDK_PixleeSDKTests.framework; sourceTree = BUILT_PRODUCTS_DIR; };
		DA52E7CD94B437310E5FE6C9 /* Pods-PixleeSDK-PixleeSDKTests.release.xcconfig */ = {isa = PBXFileReference; includeInIndex = 1; lastKnownFileType = text.xcconfig; name = "Pods-PixleeSDK-PixleeSDKTests.release.xcconfig"; path = "Target Support Files/Pods-PixleeSDK-PixleeSDKTests/Pods-PixleeSDK-PixleeSDKTests.release.xcconfig"; sourceTree = "<group>"; };
		E7793807AAE6092E355B0E27 /* Pods_PixleeSDK.framework */ = {isa = PBXFileReference; explicitFileType = wrapper.framework; includeInIndex = 0; path = Pods_PixleeSDK.framework; sourceTree = BUILT_PRODUCTS_DIR; };
		F2B07F7023C4739600F5C99F /* PixleeSDK.framework */ = {isa = PBXFileReference; explicitFileType = wrapper.framework; includeInIndex = 0; path = PixleeSDK.framework; sourceTree = BUILT_PRODUCTS_DIR; };
		F2B07F7423C4739600F5C99F /* Info.plist */ = {isa = PBXFileReference; lastKnownFileType = text.plist.xml; path = Info.plist; sourceTree = "<group>"; };
		F2B07F7923C4739600F5C99F /* PixleeSDKTests.xctest */ = {isa = PBXFileReference; explicitFileType = wrapper.cfbundle; includeInIndex = 0; path = PixleeSDKTests.xctest; sourceTree = BUILT_PRODUCTS_DIR; };
		F2B07F7E23C4739600F5C99F /* pixlee_sdkTests.swift */ = {isa = PBXFileReference; lastKnownFileType = sourcecode.swift; path = pixlee_sdkTests.swift; sourceTree = "<group>"; };
		F2B07F8023C4739600F5C99F /* Info.plist */ = {isa = PBXFileReference; lastKnownFileType = text.plist.xml; path = Info.plist; sourceTree = "<group>"; };
		F2B07F8B23C4741F00F5C99F /* PXLAlbum.swift */ = {isa = PBXFileReference; lastKnownFileType = sourcecode.swift; path = PXLAlbum.swift; sourceTree = "<group>"; };
		F2B07F8D23C47E4600F5C99F /* PXLAlbumFilterOptions.swift */ = {isa = PBXFileReference; lastKnownFileType = sourcecode.swift; path = PXLAlbumFilterOptions.swift; sourceTree = "<group>"; };
		F2B07F8F23C47E8300F5C99F /* PXLAlbumSortOptions.swift */ = {isa = PBXFileReference; lastKnownFileType = sourcecode.swift; path = PXLAlbumSortOptions.swift; sourceTree = "<group>"; };
		F2B07F9123C47E9D00F5C99F /* PXLPhoto.swift */ = {isa = PBXFileReference; lastKnownFileType = sourcecode.swift; path = PXLPhoto.swift; sourceTree = "<group>"; };
		F2B07F9323C480F600F5C99F /* PXLProduct.swift */ = {isa = PBXFileReference; lastKnownFileType = sourcecode.swift; path = PXLProduct.swift; sourceTree = "<group>"; };
		F2B07F9623C482D100F5C99F /* ImageAssets.xcassets */ = {isa = PBXFileReference; lastKnownFileType = folder.assetcatalog; path = ImageAssets.xcassets; sourceTree = "<group>"; };
		F2B07F9823C4870000F5C99F /* PXLClient.swift */ = {isa = PBXFileReference; lastKnownFileType = sourcecode.swift; path = PXLClient.swift; sourceTree = "<group>"; };
		F2B07F9A23C48B7400F5C99F /* PXLApiRequests.swift */ = {isa = PBXFileReference; lastKnownFileType = sourcecode.swift; path = PXLApiRequests.swift; sourceTree = "<group>"; };
		F2FCD1F323C51FC00054E889 /* SwiftCrypto.swift */ = {isa = PBXFileReference; lastKnownFileType = sourcecode.swift; path = SwiftCrypto.swift; sourceTree = "<group>"; };
		FF679C40CDB53FBF401918FC /* Pods-PixleeSDK.debug.xcconfig */ = {isa = PBXFileReference; includeInIndex = 1; lastKnownFileType = text.xcconfig; name = "Pods-PixleeSDK.debug.xcconfig"; path = "Target Support Files/Pods-PixleeSDK/Pods-PixleeSDK.debug.xcconfig"; sourceTree = "<group>"; };
/* End PBXFileReference section */

/* Begin PBXFrameworksBuildPhase section */
		F2B07F6D23C4739600F5C99F /* Frameworks */ = {
			isa = PBXFrameworksBuildPhase;
			buildActionMask = 2147483647;
			files = (
				F24D42E623C656680091E324 /* PixleeSDK.framework in Frameworks */,
				01A9D85855C88C8C186CA445 /* Pods_PixleeSDK.framework in Frameworks */,
			);
			runOnlyForDeploymentPostprocessing = 0;
		};
		F2B07F7623C4739600F5C99F /* Frameworks */ = {
			isa = PBXFrameworksBuildPhase;
			buildActionMask = 2147483647;
			files = (
				F2B07F7A23C4739600F5C99F /* PixleeSDK.framework in Frameworks */,
				0AF7D6E9828059D2C485A26C /* Pods_PixleeSDK_PixleeSDKTests.framework in Frameworks */,
			);
			runOnlyForDeploymentPostprocessing = 0;
		};
/* End PBXFrameworksBuildPhase section */

/* Begin PBXGroup section */
		1A5DE27116885C0A754F2613 /* Pods */ = {
			isa = PBXGroup;
			children = (
				8FE85D9ACAAA8373D2FB1F44 /* Pods-pixlee_sdk.debug.xcconfig */,
				84A190B7566C4C761887B639 /* Pods-pixlee_sdk.release.xcconfig */,
				2A90DD0AAB13434586542B12 /* Pods-pixlee_sdk-pixlee_sdkTests.debug.xcconfig */,
				14C83D45DB6D033470F74297 /* Pods-pixlee_sdk-pixlee_sdkTests.release.xcconfig */,
				FF679C40CDB53FBF401918FC /* Pods-PixleeSDK.debug.xcconfig */,
				72DA2BA00E1CB1F9CB1507FF /* Pods-PixleeSDK.release.xcconfig */,
				B7F618CC09271AEDF47CF315 /* Pods-PixleeSDK-PixleeSDKTests.debug.xcconfig */,
				DA52E7CD94B437310E5FE6C9 /* Pods-PixleeSDK-PixleeSDKTests.release.xcconfig */,
			);
			path = Pods;
			sourceTree = "<group>";
		};
		289A40B92B9CBACBFC679A95 /* Frameworks */ = {
			isa = PBXGroup;
			children = (
				E7793807AAE6092E355B0E27 /* Pods_PixleeSDK.framework */,
				D338E2AF05251270024C93B7 /* Pods_PixleeSDK_PixleeSDKTests.framework */,
			);
			name = Frameworks;
			sourceTree = "<group>";
		};
		F2B07F6623C4739600F5C99F = {
			isa = PBXGroup;
			children = (
				F2B07F7223C4739600F5C99F /* PixleeSDK */,
				F2B07F7D23C4739600F5C99F /* PixleeSDKTests */,
				F2B07F7123C4739600F5C99F /* Products */,
				1A5DE27116885C0A754F2613 /* Pods */,
				289A40B92B9CBACBFC679A95 /* Frameworks */,
			);
			sourceTree = "<group>";
		};
		F2B07F7123C4739600F5C99F /* Products */ = {
			isa = PBXGroup;
			children = (
				F2B07F7023C4739600F5C99F /* PixleeSDK.framework */,
				F2B07F7923C4739600F5C99F /* PixleeSDKTests.xctest */,
			);
			name = Products;
			sourceTree = "<group>";
		};
		F2B07F7223C4739600F5C99F /* PixleeSDK */ = {
			isa = PBXGroup;
			children = (
				F2B07F9523C482BC00F5C99F /* Resources */,
				F2B07F8A23C4740B00F5C99F /* Objects */,
				F2B07F7423C4739600F5C99F /* Info.plist */,
			);
			path = PixleeSDK;
			sourceTree = "<group>";
		};
		F2B07F7D23C4739600F5C99F /* PixleeSDKTests */ = {
			isa = PBXGroup;
			children = (
				F2B07F7E23C4739600F5C99F /* pixlee_sdkTests.swift */,
				F2B07F8023C4739600F5C99F /* Info.plist */,
			);
			path = PixleeSDKTests;
			sourceTree = "<group>";
		};
		F2B07F8A23C4740B00F5C99F /* Objects */ = {
			isa = PBXGroup;
			children = (
				F2FCD1F223C51FB60054E889 /* Helpers */,
				F2B07F8B23C4741F00F5C99F /* PXLAlbum.swift */,
				F2B07F9823C4870000F5C99F /* PXLClient.swift */,
				F2B07F9A23C48B7400F5C99F /* PXLApiRequests.swift */,
				F2B07F9123C47E9D00F5C99F /* PXLPhoto.swift */,
				F2B07F9323C480F600F5C99F /* PXLProduct.swift */,
				F2B07F8F23C47E8300F5C99F /* PXLAlbumSortOptions.swift */,
				F2B07F8D23C47E4600F5C99F /* PXLAlbumFilterOptions.swift */,
			);
			path = Objects;
			sourceTree = "<group>";
		};
		F2B07F9523C482BC00F5C99F /* Resources */ = {
			isa = PBXGroup;
			children = (
				F2B07F9623C482D100F5C99F /* ImageAssets.xcassets */,
			);
			path = Resources;
			sourceTree = "<group>";
		};
		F2FCD1F223C51FB60054E889 /* Helpers */ = {
			isa = PBXGroup;
			children = (
				F2FCD1F323C51FC00054E889 /* SwiftCrypto.swift */,
			);
			path = Helpers;
			sourceTree = "<group>";
		};
/* End PBXGroup section */

/* Begin PBXHeadersBuildPhase section */
		F2B07F6B23C4739600F5C99F /* Headers */ = {
			isa = PBXHeadersBuildPhase;
			buildActionMask = 2147483647;
			files = (
			);
			runOnlyForDeploymentPostprocessing = 0;
		};
/* End PBXHeadersBuildPhase section */

/* Begin PBXNativeTarget section */
		F2B07F6F23C4739600F5C99F /* PixleeSDK */ = {
			isa = PBXNativeTarget;
			buildConfigurationList = F2B07F8423C4739600F5C99F /* Build configuration list for PBXNativeTarget "PixleeSDK" */;
			buildPhases = (
				99E7073E7E4ABEA554186D55 /* [CP] Check Pods Manifest.lock */,
				F2B07F6B23C4739600F5C99F /* Headers */,
				F2B07F6C23C4739600F5C99F /* Sources */,
				F2B07F6D23C4739600F5C99F /* Frameworks */,
				F2B07F6E23C4739600F5C99F /* Resources */,
			);
			buildRules = (
			);
			dependencies = (
			);
			name = PixleeSDK;
			productName = pixlee_sdk;
			productReference = F2B07F7023C4739600F5C99F /* PixleeSDK.framework */;
			productType = "com.apple.product-type.framework";
		};
		F2B07F7823C4739600F5C99F /* PixleeSDKTests */ = {
			isa = PBXNativeTarget;
			buildConfigurationList = F2B07F8723C4739600F5C99F /* Build configuration list for PBXNativeTarget "PixleeSDKTests" */;
			buildPhases = (
				CDCC55034C52552FD3AAC804 /* [CP] Check Pods Manifest.lock */,
				F2B07F7523C4739600F5C99F /* Sources */,
				F2B07F7623C4739600F5C99F /* Frameworks */,
				F2B07F7723C4739600F5C99F /* Resources */,
				85E94DD787DF4CDEDEE82D84 /* [CP] Embed Pods Frameworks */,
			);
			buildRules = (
			);
			dependencies = (
				F2B07F7C23C4739600F5C99F /* PBXTargetDependency */,
			);
			name = PixleeSDKTests;
			productName = pixlee_sdkTests;
			productReference = F2B07F7923C4739600F5C99F /* PixleeSDKTests.xctest */;
			productType = "com.apple.product-type.bundle.unit-test";
		};
/* End PBXNativeTarget section */

/* Begin PBXProject section */
		F2B07F6723C4739600F5C99F /* Project object */ = {
			isa = PBXProject;
			attributes = {
				LastSwiftUpdateCheck = 1120;
				LastUpgradeCheck = 1120;
				ORGANIZATIONNAME = BitRaptors;
				TargetAttributes = {
					F2B07F6F23C4739600F5C99F = {
						CreatedOnToolsVersion = 11.2.1;
						LastSwiftMigration = 1120;
					};
					F2B07F7823C4739600F5C99F = {
						CreatedOnToolsVersion = 11.2.1;
					};
				};
			};
			buildConfigurationList = F2B07F6A23C4739600F5C99F /* Build configuration list for PBXProject "PixleeSDK" */;
			compatibilityVersion = "Xcode 9.3";
			developmentRegion = en;
			hasScannedForEncodings = 0;
			knownRegions = (
				en,
				Base,
			);
			mainGroup = F2B07F6623C4739600F5C99F;
			productRefGroup = F2B07F7123C4739600F5C99F /* Products */;
			projectDirPath = "";
			projectRoot = "";
			targets = (
				F2B07F6F23C4739600F5C99F /* PixleeSDK */,
				F2B07F7823C4739600F5C99F /* PixleeSDKTests */,
			);
		};
/* End PBXProject section */

/* Begin PBXResourcesBuildPhase section */
		F2B07F6E23C4739600F5C99F /* Resources */ = {
			isa = PBXResourcesBuildPhase;
			buildActionMask = 2147483647;
			files = (
				F2B07F9723C482D100F5C99F /* ImageAssets.xcassets in Resources */,
			);
			runOnlyForDeploymentPostprocessing = 0;
		};
		F2B07F7723C4739600F5C99F /* Resources */ = {
			isa = PBXResourcesBuildPhase;
			buildActionMask = 2147483647;
			files = (
			);
			runOnlyForDeploymentPostprocessing = 0;
		};
/* End PBXResourcesBuildPhase section */

/* Begin PBXShellScriptBuildPhase section */
		85E94DD787DF4CDEDEE82D84 /* [CP] Embed Pods Frameworks */ = {
			isa = PBXShellScriptBuildPhase;
			buildActionMask = 2147483647;
			files = (
			);
			inputFileListPaths = (
				"${PODS_ROOT}/Target Support Files/Pods-PixleeSDK-PixleeSDKTests/Pods-PixleeSDK-PixleeSDKTests-frameworks-${CONFIGURATION}-input-files.xcfilelist",
			);
			name = "[CP] Embed Pods Frameworks";
			outputFileListPaths = (
				"${PODS_ROOT}/Target Support Files/Pods-PixleeSDK-PixleeSDKTests/Pods-PixleeSDK-PixleeSDKTests-frameworks-${CONFIGURATION}-output-files.xcfilelist",
			);
			runOnlyForDeploymentPostprocessing = 0;
			shellPath = /bin/sh;
			shellScript = "\"${PODS_ROOT}/Target Support Files/Pods-PixleeSDK-PixleeSDKTests/Pods-PixleeSDK-PixleeSDKTests-frameworks.sh\"\n";
			showEnvVarsInLog = 0;
		};
		99E7073E7E4ABEA554186D55 /* [CP] Check Pods Manifest.lock */ = {
			isa = PBXShellScriptBuildPhase;
			buildActionMask = 2147483647;
			files = (
			);
			inputFileListPaths = (
			);
			inputPaths = (
				"${PODS_PODFILE_DIR_PATH}/Podfile.lock",
				"${PODS_ROOT}/Manifest.lock",
			);
			name = "[CP] Check Pods Manifest.lock";
			outputFileListPaths = (
			);
			outputPaths = (
				"$(DERIVED_FILE_DIR)/Pods-PixleeSDK-checkManifestLockResult.txt",
			);
			runOnlyForDeploymentPostprocessing = 0;
			shellPath = /bin/sh;
			shellScript = "diff \"${PODS_PODFILE_DIR_PATH}/Podfile.lock\" \"${PODS_ROOT}/Manifest.lock\" > /dev/null\nif [ $? != 0 ] ; then\n    # print error to STDERR\n    echo \"error: The sandbox is not in sync with the Podfile.lock. Run 'pod install' or update your CocoaPods installation.\" >&2\n    exit 1\nfi\n# This output is used by Xcode 'outputs' to avoid re-running this script phase.\necho \"SUCCESS\" > \"${SCRIPT_OUTPUT_FILE_0}\"\n";
			showEnvVarsInLog = 0;
		};
		CDCC55034C52552FD3AAC804 /* [CP] Check Pods Manifest.lock */ = {
			isa = PBXShellScriptBuildPhase;
			buildActionMask = 2147483647;
			files = (
			);
			inputFileListPaths = (
			);
			inputPaths = (
				"${PODS_PODFILE_DIR_PATH}/Podfile.lock",
				"${PODS_ROOT}/Manifest.lock",
			);
			name = "[CP] Check Pods Manifest.lock";
			outputFileListPaths = (
			);
			outputPaths = (
				"$(DERIVED_FILE_DIR)/Pods-PixleeSDK-PixleeSDKTests-checkManifestLockResult.txt",
			);
			runOnlyForDeploymentPostprocessing = 0;
			shellPath = /bin/sh;
			shellScript = "diff \"${PODS_PODFILE_DIR_PATH}/Podfile.lock\" \"${PODS_ROOT}/Manifest.lock\" > /dev/null\nif [ $? != 0 ] ; then\n    # print error to STDERR\n    echo \"error: The sandbox is not in sync with the Podfile.lock. Run 'pod install' or update your CocoaPods installation.\" >&2\n    exit 1\nfi\n# This output is used by Xcode 'outputs' to avoid re-running this script phase.\necho \"SUCCESS\" > \"${SCRIPT_OUTPUT_FILE_0}\"\n";
			showEnvVarsInLog = 0;
		};
/* End PBXShellScriptBuildPhase section */

/* Begin PBXSourcesBuildPhase section */
		F2B07F6C23C4739600F5C99F /* Sources */ = {
			isa = PBXSourcesBuildPhase;
			buildActionMask = 2147483647;
			files = (
				F2B07F9423C480F600F5C99F /* PXLProduct.swift in Sources */,
				F2B07F9923C4870000F5C99F /* PXLClient.swift in Sources */,
				F2FCD1F423C51FC00054E889 /* SwiftCrypto.swift in Sources */,
				F2B07F8C23C4741F00F5C99F /* PXLAlbum.swift in Sources */,
				F2B07F8E23C47E4600F5C99F /* PXLAlbumFilterOptions.swift in Sources */,
				F2B07F9B23C48B7400F5C99F /* PXLApiRequests.swift in Sources */,
				F2B07F9023C47E8300F5C99F /* PXLAlbumSortOptions.swift in Sources */,
				F2B07F9223C47E9D00F5C99F /* PXLPhoto.swift in Sources */,
			);
			runOnlyForDeploymentPostprocessing = 0;
		};
		F2B07F7523C4739600F5C99F /* Sources */ = {
			isa = PBXSourcesBuildPhase;
			buildActionMask = 2147483647;
			files = (
				F2B07F7F23C4739600F5C99F /* pixlee_sdkTests.swift in Sources */,
			);
			runOnlyForDeploymentPostprocessing = 0;
		};
/* End PBXSourcesBuildPhase section */

/* Begin PBXTargetDependency section */
		F2B07F7C23C4739600F5C99F /* PBXTargetDependency */ = {
			isa = PBXTargetDependency;
			target = F2B07F6F23C4739600F5C99F /* PixleeSDK */;
			targetProxy = F2B07F7B23C4739600F5C99F /* PBXContainerItemProxy */;
		};
/* End PBXTargetDependency section */

/* Begin XCBuildConfiguration section */
		F2B07F8223C4739600F5C99F /* Debug */ = {
			isa = XCBuildConfiguration;
			buildSettings = {
				ALWAYS_SEARCH_USER_PATHS = NO;
				CLANG_ANALYZER_NONNULL = YES;
				CLANG_ANALYZER_NUMBER_OBJECT_CONVERSION = YES_AGGRESSIVE;
				CLANG_CXX_LANGUAGE_STANDARD = "gnu++14";
				CLANG_CXX_LIBRARY = "libc++";
				CLANG_ENABLE_MODULES = YES;
				CLANG_ENABLE_OBJC_ARC = YES;
				CLANG_ENABLE_OBJC_WEAK = YES;
				CLANG_WARN_BLOCK_CAPTURE_AUTORELEASING = YES;
				CLANG_WARN_BOOL_CONVERSION = YES;
				CLANG_WARN_COMMA = YES;
				CLANG_WARN_CONSTANT_CONVERSION = YES;
				CLANG_WARN_DEPRECATED_OBJC_IMPLEMENTATIONS = YES;
				CLANG_WARN_DIRECT_OBJC_ISA_USAGE = YES_ERROR;
				CLANG_WARN_DOCUMENTATION_COMMENTS = YES;
				CLANG_WARN_EMPTY_BODY = YES;
				CLANG_WARN_ENUM_CONVERSION = YES;
				CLANG_WARN_INFINITE_RECURSION = YES;
				CLANG_WARN_INT_CONVERSION = YES;
				CLANG_WARN_NON_LITERAL_NULL_CONVERSION = YES;
				CLANG_WARN_OBJC_IMPLICIT_RETAIN_SELF = YES;
				CLANG_WARN_OBJC_LITERAL_CONVERSION = YES;
				CLANG_WARN_OBJC_ROOT_CLASS = YES_ERROR;
				CLANG_WARN_RANGE_LOOP_ANALYSIS = YES;
				CLANG_WARN_STRICT_PROTOTYPES = YES;
				CLANG_WARN_SUSPICIOUS_MOVE = YES;
				CLANG_WARN_UNGUARDED_AVAILABILITY = YES_AGGRESSIVE;
				CLANG_WARN_UNREACHABLE_CODE = YES;
				CLANG_WARN__DUPLICATE_METHOD_MATCH = YES;
				COPY_PHASE_STRIP = NO;
				CURRENT_PROJECT_VERSION = 1;
				DEBUG_INFORMATION_FORMAT = dwarf;
				ENABLE_STRICT_OBJC_MSGSEND = YES;
				ENABLE_TESTABILITY = YES;
				GCC_C_LANGUAGE_STANDARD = gnu11;
				GCC_DYNAMIC_NO_PIC = NO;
				GCC_NO_COMMON_BLOCKS = YES;
				GCC_OPTIMIZATION_LEVEL = 0;
				GCC_PREPROCESSOR_DEFINITIONS = (
					"DEBUG=1",
					"$(inherited)",
				);
				GCC_WARN_64_TO_32_BIT_CONVERSION = YES;
				GCC_WARN_ABOUT_RETURN_TYPE = YES_ERROR;
				GCC_WARN_UNDECLARED_SELECTOR = YES;
				GCC_WARN_UNINITIALIZED_AUTOS = YES_AGGRESSIVE;
				GCC_WARN_UNUSED_FUNCTION = YES;
				GCC_WARN_UNUSED_VARIABLE = YES;
				IPHONEOS_DEPLOYMENT_TARGET = 13.0;
				MTL_ENABLE_DEBUG_INFO = INCLUDE_SOURCE;
				MTL_FAST_MATH = YES;
				ONLY_ACTIVE_ARCH = YES;
				SDKROOT = iphoneos;
				SWIFT_ACTIVE_COMPILATION_CONDITIONS = DEBUG;
				SWIFT_OPTIMIZATION_LEVEL = "-Onone";
				VERSIONING_SYSTEM = "apple-generic";
				VERSION_INFO_PREFIX = "";
			};
			name = Debug;
		};
		F2B07F8323C4739600F5C99F /* Release */ = {
			isa = XCBuildConfiguration;
			buildSettings = {
				ALWAYS_SEARCH_USER_PATHS = NO;
				CLANG_ANALYZER_NONNULL = YES;
				CLANG_ANALYZER_NUMBER_OBJECT_CONVERSION = YES_AGGRESSIVE;
				CLANG_CXX_LANGUAGE_STANDARD = "gnu++14";
				CLANG_CXX_LIBRARY = "libc++";
				CLANG_ENABLE_MODULES = YES;
				CLANG_ENABLE_OBJC_ARC = YES;
				CLANG_ENABLE_OBJC_WEAK = YES;
				CLANG_WARN_BLOCK_CAPTURE_AUTORELEASING = YES;
				CLANG_WARN_BOOL_CONVERSION = YES;
				CLANG_WARN_COMMA = YES;
				CLANG_WARN_CONSTANT_CONVERSION = YES;
				CLANG_WARN_DEPRECATED_OBJC_IMPLEMENTATIONS = YES;
				CLANG_WARN_DIRECT_OBJC_ISA_USAGE = YES_ERROR;
				CLANG_WARN_DOCUMENTATION_COMMENTS = YES;
				CLANG_WARN_EMPTY_BODY = YES;
				CLANG_WARN_ENUM_CONVERSION = YES;
				CLANG_WARN_INFINITE_RECURSION = YES;
				CLANG_WARN_INT_CONVERSION = YES;
				CLANG_WARN_NON_LITERAL_NULL_CONVERSION = YES;
				CLANG_WARN_OBJC_IMPLICIT_RETAIN_SELF = YES;
				CLANG_WARN_OBJC_LITERAL_CONVERSION = YES;
				CLANG_WARN_OBJC_ROOT_CLASS = YES_ERROR;
				CLANG_WARN_RANGE_LOOP_ANALYSIS = YES;
				CLANG_WARN_STRICT_PROTOTYPES = YES;
				CLANG_WARN_SUSPICIOUS_MOVE = YES;
				CLANG_WARN_UNGUARDED_AVAILABILITY = YES_AGGRESSIVE;
				CLANG_WARN_UNREACHABLE_CODE = YES;
				CLANG_WARN__DUPLICATE_METHOD_MATCH = YES;
				COPY_PHASE_STRIP = NO;
				CURRENT_PROJECT_VERSION = 1;
				DEBUG_INFORMATION_FORMAT = "dwarf-with-dsym";
				ENABLE_NS_ASSERTIONS = NO;
				ENABLE_STRICT_OBJC_MSGSEND = YES;
				GCC_C_LANGUAGE_STANDARD = gnu11;
				GCC_NO_COMMON_BLOCKS = YES;
				GCC_WARN_64_TO_32_BIT_CONVERSION = YES;
				GCC_WARN_ABOUT_RETURN_TYPE = YES_ERROR;
				GCC_WARN_UNDECLARED_SELECTOR = YES;
				GCC_WARN_UNINITIALIZED_AUTOS = YES_AGGRESSIVE;
				GCC_WARN_UNUSED_FUNCTION = YES;
				GCC_WARN_UNUSED_VARIABLE = YES;
				IPHONEOS_DEPLOYMENT_TARGET = 13.0;
				MTL_ENABLE_DEBUG_INFO = NO;
				MTL_FAST_MATH = YES;
				SDKROOT = iphoneos;
				SWIFT_COMPILATION_MODE = wholemodule;
				SWIFT_OPTIMIZATION_LEVEL = "-O";
				VALIDATE_PRODUCT = YES;
				VERSIONING_SYSTEM = "apple-generic";
				VERSION_INFO_PREFIX = "";
			};
			name = Release;
		};
		F2B07F8523C4739600F5C99F /* Debug */ = {
			isa = XCBuildConfiguration;
			baseConfigurationReference = FF679C40CDB53FBF401918FC /* Pods-PixleeSDK.debug.xcconfig */;
			buildSettings = {
				CLANG_ENABLE_MODULES = YES;
				CODE_SIGN_STYLE = Automatic;
				DEFINES_MODULE = YES;
				DEVELOPMENT_TEAM = 6HRLMQGMGT;
				DYLIB_COMPATIBILITY_VERSION = 1;
				DYLIB_CURRENT_VERSION = 1;
				DYLIB_INSTALL_NAME_BASE = "@rpath";
				INFOPLIST_FILE = pixlee_sdk/Info.plist;
				INSTALL_PATH = "$(LOCAL_LIBRARY_DIR)/Frameworks";
				LD_RUNPATH_SEARCH_PATHS = (
					"$(inherited)",
					"@executable_path/Frameworks",
					"@loader_path/Frameworks",
				);
				PRODUCT_BUNDLE_IDENTIFIER = "Pixlee.pixlee-sdk";
				PRODUCT_NAME = PixleeSDK;
				SKIP_INSTALL = YES;
				SWIFT_OPTIMIZATION_LEVEL = "-Onone";
				SWIFT_VERSION = 5.0;
				TARGETED_DEVICE_FAMILY = "1,2";
			};
			name = Debug;
		};
		F2B07F8623C4739600F5C99F /* Release */ = {
			isa = XCBuildConfiguration;
			baseConfigurationReference = 72DA2BA00E1CB1F9CB1507FF /* Pods-PixleeSDK.release.xcconfig */;
			buildSettings = {
				CLANG_ENABLE_MODULES = YES;
				CODE_SIGN_STYLE = Automatic;
				DEFINES_MODULE = YES;
				DEVELOPMENT_TEAM = 6HRLMQGMGT;
				DYLIB_COMPATIBILITY_VERSION = 1;
				DYLIB_CURRENT_VERSION = 1;
				DYLIB_INSTALL_NAME_BASE = "@rpath";
				INFOPLIST_FILE = pixlee_sdk/Info.plist;
				INSTALL_PATH = "$(LOCAL_LIBRARY_DIR)/Frameworks";
				LD_RUNPATH_SEARCH_PATHS = (
					"$(inherited)",
					"@executable_path/Frameworks",
					"@loader_path/Frameworks",
				);
				PRODUCT_BUNDLE_IDENTIFIER = "Pixlee.pixlee-sdk";
				PRODUCT_NAME = PixleeSDK;
				SKIP_INSTALL = YES;
				SWIFT_VERSION = 5.0;
				TARGETED_DEVICE_FAMILY = "1,2";
			};
			name = Release;
		};
		F2B07F8823C4739600F5C99F /* Debug */ = {
			isa = XCBuildConfiguration;
			baseConfigurationReference = B7F618CC09271AEDF47CF315 /* Pods-PixleeSDK-PixleeSDKTests.debug.xcconfig */;
			buildSettings = {
				ALWAYS_EMBED_SWIFT_STANDARD_LIBRARIES = YES;
				CODE_SIGN_STYLE = Automatic;
				DEVELOPMENT_TEAM = 6HRLMQGMGT;
				INFOPLIST_FILE = pixlee_sdkTests/Info.plist;
				LD_RUNPATH_SEARCH_PATHS = (
					"$(inherited)",
					"@executable_path/Frameworks",
					"@loader_path/Frameworks",
				);
				PRODUCT_BUNDLE_IDENTIFIER = "Pixlee.pixlee-sdkTests";
				PRODUCT_NAME = "$(TARGET_NAME)";
				SWIFT_VERSION = 5.0;
				TARGETED_DEVICE_FAMILY = "1,2";
			};
			name = Debug;
		};
		F2B07F8923C4739600F5C99F /* Release */ = {
			isa = XCBuildConfiguration;
			baseConfigurationReference = DA52E7CD94B437310E5FE6C9 /* Pods-PixleeSDK-PixleeSDKTests.release.xcconfig */;
			buildSettings = {
				ALWAYS_EMBED_SWIFT_STANDARD_LIBRARIES = YES;
				CODE_SIGN_STYLE = Automatic;
				DEVELOPMENT_TEAM = 6HRLMQGMGT;
				INFOPLIST_FILE = pixlee_sdkTests/Info.plist;
				LD_RUNPATH_SEARCH_PATHS = (
					"$(inherited)",
					"@executable_path/Frameworks",
					"@loader_path/Frameworks",
				);
				PRODUCT_BUNDLE_IDENTIFIER = "Pixlee.pixlee-sdkTests";
				PRODUCT_NAME = "$(TARGET_NAME)";
				SWIFT_VERSION = 5.0;
				TARGETED_DEVICE_FAMILY = "1,2";
			};
			name = Release;
		};
/* End XCBuildConfiguration section */

/* Begin XCConfigurationList section */
		F2B07F6A23C4739600F5C99F /* Build configuration list for PBXProject "PixleeSDK" */ = {
			isa = XCConfigurationList;
			buildConfigurations = (
				F2B07F8223C4739600F5C99F /* Debug */,
				F2B07F8323C4739600F5C99F /* Release */,
			);
			defaultConfigurationIsVisible = 0;
			defaultConfigurationName = Release;
		};
		F2B07F8423C4739600F5C99F /* Build configuration list for PBXNativeTarget "PixleeSDK" */ = {
			isa = XCConfigurationList;
			buildConfigurations = (
				F2B07F8523C4739600F5C99F /* Debug */,
				F2B07F8623C4739600F5C99F /* Release */,
			);
			defaultConfigurationIsVisible = 0;
			defaultConfigurationName = Release;
		};
		F2B07F8723C4739600F5C99F /* Build configuration list for PBXNativeTarget "PixleeSDKTests" */ = {
			isa = XCConfigurationList;
			buildConfigurations = (
				F2B07F8823C4739600F5C99F /* Debug */,
				F2B07F8923C4739600F5C99F /* Release */,
			);
			defaultConfigurationIsVisible = 0;
			defaultConfigurationName = Release;
		};
/* End XCConfigurationList section */
	};
	rootObject = F2B07F6723C4739600F5C99F /* Project object */;
}
